
Microsoft Visual Studio Solution File, Format Version 12.00
# Visual Studio 2012
Project("{FAE04EC0-301F-11D3-BF4B-00C04F79EFBC}") = "BotConsoleHost", "BotConsoleHost\BotConsoleHost.csproj", "{6CF4D4D6-729F-404E-A7C3-8CBA4DF779AF}"
EndProject
Project("{FAE04EC0-301F-11D3-BF4B-00C04F79EFBC}") = "Bot", "Bot\Bot.csproj", "{D37094CE-B728-464A-AB5C-6929C9902CB9}"
EndProject
Global
	GlobalSection(SolutionConfigurationPlatforms) = preSolution
		Debug|Any CPU = Debug|Any CPU
		Release|Any CPU = Release|Any CPU
	EndGlobalSection
	GlobalSection(ProjectConfigurationPlatforms) = postSolution
		{6CF4D4D6-729F-404E-A7C3-8CBA4DF779AF}.Debug|Any CPU.ActiveCfg = Debug|Any CPU
		{6CF4D4D6-729F-404E-A7C3-8CBA4DF779AF}.Debug|Any CPU.Build.0 = Debug|Any CPU
		{6CF4D4D6-729F-404E-A7C3-8CBA4DF779AF}.Release|Any CPU.ActiveCfg = Release|Any CPU
		{6CF4D4D6-729F-404E-A7C3-8CBA4DF779AF}.Release|Any CPU.Build.0 = Release|Any CPU
		{D37094CE-B728-464A-AB5C-6929C9902CB9}.Debug|Any CPU.ActiveCfg = Debug|Any CPU
		{D37094CE-B728-464A-AB5C-6929C9902CB9}.Debug|Any CPU.Build.0 = Debug|Any CPU
		{D37094CE-B728-464A-AB5C-6929C9902CB9}.Release|Any CPU.ActiveCfg = Release|Any CPU
		{D37094CE-B728-464A-AB5C-6929C9902CB9}.Release|Any CPU.Build.0 = Release|Any CPU
	EndGlobalSection
	GlobalSection(SolutionProperties) = preSolution
		HideSolutionNode = FALSE
	EndGlobalSection
EndGlobal
